// !$*UTF8*$!
{
	archiveVersion = 1;
	classes = {
	};
	objectVersion = 52;
	objects = {

/* Begin PBXBuildFile section */
		7A0ADAC0246FDFD80077CE1F /* Models.framework in Frameworks */ = {isa = PBXBuildFile; fileRef = 7AC30FF42428AA8F0091C135 /* Models.framework */; };
		7A0ADAC5246FE60E0077CE1F /* Models.framework in Frameworks */ = {isa = PBXBuildFile; fileRef = 7AC30FF42428AA8F0091C135 /* Models.framework */; };
		7A0ADACA246FE68A0077CE1F /* PlantDetails.framework in Frameworks */ = {isa = PBXBuildFile; fileRef = 7AC30FCB2428A4BC0091C135 /* PlantDetails.framework */; };
		7A0FA9F0246FEA72008E7760 /* CloudKitWrapper.swift in Sources */ = {isa = PBXBuildFile; fileRef = 7A0FA9EF246FEA72008E7760 /* CloudKitWrapper.swift */; };
		7A2173F62427846900A0AAD5 /* Plants.framework in Frameworks */ = {isa = PBXBuildFile; fileRef = 7A2173ED2427846900A0AAD5 /* Plants.framework */; };
		7A2173FD2427846900A0AAD5 /* PlantsTests.swift in Sources */ = {isa = PBXBuildFile; fileRef = 7A2173FC2427846900A0AAD5 /* PlantsTests.swift */; };
		7A2173FF2427846900A0AAD5 /* Plants.h in Headers */ = {isa = PBXBuildFile; fileRef = 7A2173EF2427846900A0AAD5 /* Plants.h */; settings = {ATTRIBUTES = (Public, ); }; };
		7A2174022427846900A0AAD5 /* Plants.framework in Frameworks */ = {isa = PBXBuildFile; fileRef = 7A2173ED2427846900A0AAD5 /* Plants.framework */; };
		7A2174032427846900A0AAD5 /* Plants.framework in Embed Frameworks */ = {isa = PBXBuildFile; fileRef = 7A2173ED2427846900A0AAD5 /* Plants.framework */; settings = {ATTRIBUTES = (CodeSignOnCopy, RemoveHeadersOnCopy, ); }; };
		7A21740C242784B700A0AAD5 /* Plants.swift in Sources */ = {isa = PBXBuildFile; fileRef = 7A21740B242784B700A0AAD5 /* Plants.swift */; };
		7A21743F2427BD3F00A0AAD5 /* CloudKit.framework in Frameworks */ = {isa = PBXBuildFile; fileRef = 7A21743E2427BD3F00A0AAD5 /* CloudKit.framework */; };
		7A2E2C07246F070D000ADF7F /* PodlejCommon.h in Headers */ = {isa = PBXBuildFile; fileRef = 7A2E2C05246F070D000ADF7F /* PodlejCommon.h */; settings = {ATTRIBUTES = (Public, ); }; };
		7A2E2C0B246F0742000ADF7F /* PodlejCommon.framework in Frameworks */ = {isa = PBXBuildFile; fileRef = 7A2E2C03246F070D000ADF7F /* PodlejCommon.framework */; };
		7A2E2C0C246F0742000ADF7F /* PodlejCommon.framework in Embed Frameworks */ = {isa = PBXBuildFile; fileRef = 7A2E2C03246F070D000ADF7F /* PodlejCommon.framework */; settings = {ATTRIBUTES = (CodeSignOnCopy, RemoveHeadersOnCopy, ); }; };
		7A2E2C10246F076B000ADF7F /* ComposableArchitecture in Frameworks */ = {isa = PBXBuildFile; productRef = 7A2E2C0F246F076B000ADF7F /* ComposableArchitecture */; };
		7A2E2C11246F078F000ADF7F /* PodlejCommon.framework in Frameworks */ = {isa = PBXBuildFile; fileRef = 7A2E2C03246F070D000ADF7F /* PodlejCommon.framework */; };
		7A2E2C12246F0794000ADF7F /* PodlejCommon.framework in Frameworks */ = {isa = PBXBuildFile; fileRef = 7A2E2C03246F070D000ADF7F /* PodlejCommon.framework */; };
		7A984FD723C0AB7800772684 /* AppDelegate.swift in Sources */ = {isa = PBXBuildFile; fileRef = 7A984FD623C0AB7800772684 /* AppDelegate.swift */; };
		7A984FD923C0AB7800772684 /* SceneDelegate.swift in Sources */ = {isa = PBXBuildFile; fileRef = 7A984FD823C0AB7800772684 /* SceneDelegate.swift */; };
		7A984FDB23C0AB7800772684 /* ContentView.swift in Sources */ = {isa = PBXBuildFile; fileRef = 7A984FDA23C0AB7800772684 /* ContentView.swift */; };
		7A984FDD23C0AB7A00772684 /* Assets.xcassets in Resources */ = {isa = PBXBuildFile; fileRef = 7A984FDC23C0AB7A00772684 /* Assets.xcassets */; };
		7A984FE023C0AB7A00772684 /* Preview Assets.xcassets in Resources */ = {isa = PBXBuildFile; fileRef = 7A984FDF23C0AB7A00772684 /* Preview Assets.xcassets */; };
		7A984FE323C0AB7A00772684 /* LaunchScreen.storyboard in Resources */ = {isa = PBXBuildFile; fileRef = 7A984FE123C0AB7A00772684 /* LaunchScreen.storyboard */; };
		7A984FEE23C0AB7B00772684 /* PodlejTests.swift in Sources */ = {isa = PBXBuildFile; fileRef = 7A984FED23C0AB7B00772684 /* PodlejTests.swift */; };
		7AA739102439E3270057DE04 /* Location.swift in Sources */ = {isa = PBXBuildFile; fileRef = 7AA7390F2439E3270057DE04 /* Location.swift */; };
		7AC30FD42428A4BC0091C135 /* PlantDetails.framework in Frameworks */ = {isa = PBXBuildFile; fileRef = 7AC30FCB2428A4BC0091C135 /* PlantDetails.framework */; };
		7AC30FDB2428A4BC0091C135 /* PlantDetailsTests.swift in Sources */ = {isa = PBXBuildFile; fileRef = 7AC30FDA2428A4BC0091C135 /* PlantDetailsTests.swift */; };
		7AC30FDD2428A4BC0091C135 /* PlantDetails.h in Headers */ = {isa = PBXBuildFile; fileRef = 7AC30FCD2428A4BC0091C135 /* PlantDetails.h */; settings = {ATTRIBUTES = (Public, ); }; };
		7AC30FE02428A4BC0091C135 /* PlantDetails.framework in Frameworks */ = {isa = PBXBuildFile; fileRef = 7AC30FCB2428A4BC0091C135 /* PlantDetails.framework */; };
		7AC30FE12428A4BC0091C135 /* PlantDetails.framework in Embed Frameworks */ = {isa = PBXBuildFile; fileRef = 7AC30FCB2428A4BC0091C135 /* PlantDetails.framework */; settings = {ATTRIBUTES = (CodeSignOnCopy, RemoveHeadersOnCopy, ); }; };
		7AC30FEE2428A4FB0091C135 /* PlantDetails.swift in Sources */ = {isa = PBXBuildFile; fileRef = 7AC30FED2428A4FB0091C135 /* PlantDetails.swift */; };
		7AC30FFD2428AA8F0091C135 /* Models.framework in Frameworks */ = {isa = PBXBuildFile; fileRef = 7AC30FF42428AA8F0091C135 /* Models.framework */; };
		7AC310042428AA8F0091C135 /* ModelsTests.swift in Sources */ = {isa = PBXBuildFile; fileRef = 7AC310032428AA8F0091C135 /* ModelsTests.swift */; };
		7AC310062428AA8F0091C135 /* Models.h in Headers */ = {isa = PBXBuildFile; fileRef = 7AC30FF62428AA8F0091C135 /* Models.h */; settings = {ATTRIBUTES = (Public, ); }; };
		7AC310092428AA8F0091C135 /* Models.framework in Frameworks */ = {isa = PBXBuildFile; fileRef = 7AC30FF42428AA8F0091C135 /* Models.framework */; };
		7AC3100A2428AA8F0091C135 /* Models.framework in Embed Frameworks */ = {isa = PBXBuildFile; fileRef = 7AC30FF42428AA8F0091C135 /* Models.framework */; settings = {ATTRIBUTES = (CodeSignOnCopy, RemoveHeadersOnCopy, ); }; };
		7AC310112428AA980091C135 /* Plant.swift in Sources */ = {isa = PBXBuildFile; fileRef = 7A21743624278A8B00A0AAD5 /* Plant.swift */; };
/* End PBXBuildFile section */

/* Begin PBXContainerItemProxy section */
		7A0ADAC2246FDFD80077CE1F /* PBXContainerItemProxy */ = {
			isa = PBXContainerItemProxy;
			containerPortal = 7A984FCB23C0AB7700772684 /* Project object */;
			proxyType = 1;
			remoteGlobalIDString = 7AC30FF32428AA8F0091C135;
			remoteInfo = Models;
		};
		7A0ADAC7246FE60E0077CE1F /* PBXContainerItemProxy */ = {
			isa = PBXContainerItemProxy;
			containerPortal = 7A984FCB23C0AB7700772684 /* Project object */;
			proxyType = 1;
			remoteGlobalIDString = 7AC30FF32428AA8F0091C135;
			remoteInfo = Models;
		};
		7A0ADACC246FE68A0077CE1F /* PBXContainerItemProxy */ = {
			isa = PBXContainerItemProxy;
			containerPortal = 7A984FCB23C0AB7700772684 /* Project object */;
			proxyType = 1;
			remoteGlobalIDString = 7AC30FCA2428A4BC0091C135;
			remoteInfo = PlantDetails;
		};
		7A2173F72427846900A0AAD5 /* PBXContainerItemProxy */ = {
			isa = PBXContainerItemProxy;
			containerPortal = 7A984FCB23C0AB7700772684 /* Project object */;
			proxyType = 1;
			remoteGlobalIDString = 7A2173EC2427846900A0AAD5;
			remoteInfo = Plants;
		};
		7A2173F92427846900A0AAD5 /* PBXContainerItemProxy */ = {
			isa = PBXContainerItemProxy;
			containerPortal = 7A984FCB23C0AB7700772684 /* Project object */;
			proxyType = 1;
			remoteGlobalIDString = 7A984FD223C0AB7700772684;
			remoteInfo = Podlej;
		};
		7A2174002427846900A0AAD5 /* PBXContainerItemProxy */ = {
			isa = PBXContainerItemProxy;
			containerPortal = 7A984FCB23C0AB7700772684 /* Project object */;
			proxyType = 1;
			remoteGlobalIDString = 7A2173EC2427846900A0AAD5;
			remoteInfo = Plants;
		};
		7A2E2C0D246F0742000ADF7F /* PBXContainerItemProxy */ = {
			isa = PBXContainerItemProxy;
			containerPortal = 7A984FCB23C0AB7700772684 /* Project object */;
			proxyType = 1;
			remoteGlobalIDString = 7A2E2C02246F070D000ADF7F;
			remoteInfo = PodlejCommon;
		};
		7A984FEA23C0AB7B00772684 /* PBXContainerItemProxy */ = {
			isa = PBXContainerItemProxy;
			containerPortal = 7A984FCB23C0AB7700772684 /* Project object */;
			proxyType = 1;
			remoteGlobalIDString = 7A984FD223C0AB7700772684;
			remoteInfo = Podlej;
		};
		7AC30FD52428A4BC0091C135 /* PBXContainerItemProxy */ = {
			isa = PBXContainerItemProxy;
			containerPortal = 7A984FCB23C0AB7700772684 /* Project object */;
			proxyType = 1;
			remoteGlobalIDString = 7AC30FCA2428A4BC0091C135;
			remoteInfo = PlantDetails;
		};
		7AC30FD72428A4BC0091C135 /* PBXContainerItemProxy */ = {
			isa = PBXContainerItemProxy;
			containerPortal = 7A984FCB23C0AB7700772684 /* Project object */;
			proxyType = 1;
			remoteGlobalIDString = 7A984FD223C0AB7700772684;
			remoteInfo = Podlej;
		};
		7AC30FDE2428A4BC0091C135 /* PBXContainerItemProxy */ = {
			isa = PBXContainerItemProxy;
			containerPortal = 7A984FCB23C0AB7700772684 /* Project object */;
			proxyType = 1;
			remoteGlobalIDString = 7AC30FCA2428A4BC0091C135;
			remoteInfo = PlantDetails;
		};
		7AC30FFE2428AA8F0091C135 /* PBXContainerItemProxy */ = {
			isa = PBXContainerItemProxy;
			containerPortal = 7A984FCB23C0AB7700772684 /* Project object */;
			proxyType = 1;
			remoteGlobalIDString = 7AC30FF32428AA8F0091C135;
			remoteInfo = Models;
		};
		7AC310002428AA8F0091C135 /* PBXContainerItemProxy */ = {
			isa = PBXContainerItemProxy;
			containerPortal = 7A984FCB23C0AB7700772684 /* Project object */;
			proxyType = 1;
			remoteGlobalIDString = 7A984FD223C0AB7700772684;
			remoteInfo = Podlej;
		};
		7AC310072428AA8F0091C135 /* PBXContainerItemProxy */ = {
			isa = PBXContainerItemProxy;
			containerPortal = 7A984FCB23C0AB7700772684 /* Project object */;
			proxyType = 1;
			remoteGlobalIDString = 7AC30FF32428AA8F0091C135;
			remoteInfo = Models;
		};
/* End PBXContainerItemProxy section */

/* Begin PBXCopyFilesBuildPhase section */
		7A2174072427846900A0AAD5 /* Embed Frameworks */ = {
			isa = PBXCopyFilesBuildPhase;
			buildActionMask = 2147483647;
			dstPath = "";
			dstSubfolderSpec = 10;
			files = (
				7AC3100A2428AA8F0091C135 /* Models.framework in Embed Frameworks */,
				7A2E2C0C246F0742000ADF7F /* PodlejCommon.framework in Embed Frameworks */,
				7A2174032427846900A0AAD5 /* Plants.framework in Embed Frameworks */,
				7AC30FE12428A4BC0091C135 /* PlantDetails.framework in Embed Frameworks */,
			);
			name = "Embed Frameworks";
			runOnlyForDeploymentPostprocessing = 0;
		};
/* End PBXCopyFilesBuildPhase section */

/* Begin PBXFileReference section */
		7A0FA9EF246FEA72008E7760 /* CloudKitWrapper.swift */ = {isa = PBXFileReference; lastKnownFileType = sourcecode.swift; path = CloudKitWrapper.swift; sourceTree = "<group>"; };
		7A2173ED2427846900A0AAD5 /* Plants.framework */ = {isa = PBXFileReference; explicitFileType = wrapper.framework; includeInIndex = 0; path = Plants.framework; sourceTree = BUILT_PRODUCTS_DIR; };
		7A2173EF2427846900A0AAD5 /* Plants.h */ = {isa = PBXFileReference; lastKnownFileType = sourcecode.c.h; path = Plants.h; sourceTree = "<group>"; };
		7A2173F02427846900A0AAD5 /* Info.plist */ = {isa = PBXFileReference; lastKnownFileType = text.plist.xml; path = Info.plist; sourceTree = "<group>"; };
		7A2173F52427846900A0AAD5 /* PlantsTests.xctest */ = {isa = PBXFileReference; explicitFileType = wrapper.cfbundle; includeInIndex = 0; path = PlantsTests.xctest; sourceTree = BUILT_PRODUCTS_DIR; };
		7A2173FC2427846900A0AAD5 /* PlantsTests.swift */ = {isa = PBXFileReference; lastKnownFileType = sourcecode.swift; path = PlantsTests.swift; sourceTree = "<group>"; };
		7A2173FE2427846900A0AAD5 /* Info.plist */ = {isa = PBXFileReference; lastKnownFileType = text.plist.xml; path = Info.plist; sourceTree = "<group>"; };
		7A21740B242784B700A0AAD5 /* Plants.swift */ = {isa = PBXFileReference; lastKnownFileType = sourcecode.swift; path = Plants.swift; sourceTree = "<group>"; };
		7A21743624278A8B00A0AAD5 /* Plant.swift */ = {isa = PBXFileReference; lastKnownFileType = sourcecode.swift; path = Plant.swift; sourceTree = "<group>"; };
		7A21743D2427BD1000A0AAD5 /* Podlej.entitlements */ = {isa = PBXFileReference; lastKnownFileType = text.plist.entitlements; path = Podlej.entitlements; sourceTree = "<group>"; };
		7A21743E2427BD3F00A0AAD5 /* CloudKit.framework */ = {isa = PBXFileReference; lastKnownFileType = wrapper.framework; name = CloudKit.framework; path = System/Library/Frameworks/CloudKit.framework; sourceTree = SDKROOT; };
		7A2E2BF2246F0634000ADF7F /* PodlejCommon.h */ = {isa = PBXFileReference; lastKnownFileType = sourcecode.c.h; path = PodlejCommon.h; sourceTree = "<group>"; };
		7A2E2BF3246F0634000ADF7F /* Info.plist */ = {isa = PBXFileReference; lastKnownFileType = text.plist.xml; path = Info.plist; sourceTree = "<group>"; };
		7A2E2C03246F070D000ADF7F /* PodlejCommon.framework */ = {isa = PBXFileReference; explicitFileType = wrapper.framework; includeInIndex = 0; path = PodlejCommon.framework; sourceTree = BUILT_PRODUCTS_DIR; };
		7A2E2C05246F070D000ADF7F /* PodlejCommon.h */ = {isa = PBXFileReference; lastKnownFileType = sourcecode.c.h; path = PodlejCommon.h; sourceTree = "<group>"; };
		7A2E2C06246F070D000ADF7F /* Info.plist */ = {isa = PBXFileReference; lastKnownFileType = text.plist.xml; path = Info.plist; sourceTree = "<group>"; };
		7A984FD323C0AB7700772684 /* Podlej.app */ = {isa = PBXFileReference; explicitFileType = wrapper.application; includeInIndex = 0; path = Podlej.app; sourceTree = BUILT_PRODUCTS_DIR; };
		7A984FD623C0AB7800772684 /* AppDelegate.swift */ = {isa = PBXFileReference; lastKnownFileType = sourcecode.swift; path = AppDelegate.swift; sourceTree = "<group>"; };
		7A984FD823C0AB7800772684 /* SceneDelegate.swift */ = {isa = PBXFileReference; lastKnownFileType = sourcecode.swift; path = SceneDelegate.swift; sourceTree = "<group>"; };
		7A984FDA23C0AB7800772684 /* ContentView.swift */ = {isa = PBXFileReference; lastKnownFileType = sourcecode.swift; path = ContentView.swift; sourceTree = "<group>"; };
		7A984FDC23C0AB7A00772684 /* Assets.xcassets */ = {isa = PBXFileReference; lastKnownFileType = folder.assetcatalog; path = Assets.xcassets; sourceTree = "<group>"; };
		7A984FDF23C0AB7A00772684 /* Preview Assets.xcassets */ = {isa = PBXFileReference; lastKnownFileType = folder.assetcatalog; path = "Preview Assets.xcassets"; sourceTree = "<group>"; };
		7A984FE223C0AB7A00772684 /* Base */ = {isa = PBXFileReference; lastKnownFileType = file.storyboard; name = Base; path = Base.lproj/LaunchScreen.storyboard; sourceTree = "<group>"; };
		7A984FE423C0AB7A00772684 /* Info.plist */ = {isa = PBXFileReference; lastKnownFileType = text.plist.xml; path = Info.plist; sourceTree = "<group>"; };
		7A984FE923C0AB7B00772684 /* PodlejTests.xctest */ = {isa = PBXFileReference; explicitFileType = wrapper.cfbundle; includeInIndex = 0; path = PodlejTests.xctest; sourceTree = BUILT_PRODUCTS_DIR; };
		7A984FED23C0AB7B00772684 /* PodlejTests.swift */ = {isa = PBXFileReference; lastKnownFileType = sourcecode.swift; path = PodlejTests.swift; sourceTree = "<group>"; };
		7A984FEF23C0AB7B00772684 /* Info.plist */ = {isa = PBXFileReference; lastKnownFileType = text.plist.xml; path = Info.plist; sourceTree = "<group>"; };
		7AA7390F2439E3270057DE04 /* Location.swift */ = {isa = PBXFileReference; lastKnownFileType = sourcecode.swift; path = Location.swift; sourceTree = "<group>"; };
		7AC30FCB2428A4BC0091C135 /* PlantDetails.framework */ = {isa = PBXFileReference; explicitFileType = wrapper.framework; includeInIndex = 0; path = PlantDetails.framework; sourceTree = BUILT_PRODUCTS_DIR; };
		7AC30FCD2428A4BC0091C135 /* PlantDetails.h */ = {isa = PBXFileReference; lastKnownFileType = sourcecode.c.h; path = PlantDetails.h; sourceTree = "<group>"; };
		7AC30FCE2428A4BC0091C135 /* Info.plist */ = {isa = PBXFileReference; lastKnownFileType = text.plist.xml; path = Info.plist; sourceTree = "<group>"; };
		7AC30FD32428A4BC0091C135 /* PlantDetailsTests.xctest */ = {isa = PBXFileReference; explicitFileType = wrapper.cfbundle; includeInIndex = 0; path = PlantDetailsTests.xctest; sourceTree = BUILT_PRODUCTS_DIR; };
		7AC30FDA2428A4BC0091C135 /* PlantDetailsTests.swift */ = {isa = PBXFileReference; lastKnownFileType = sourcecode.swift; path = PlantDetailsTests.swift; sourceTree = "<group>"; };
		7AC30FDC2428A4BC0091C135 /* Info.plist */ = {isa = PBXFileReference; lastKnownFileType = text.plist.xml; path = Info.plist; sourceTree = "<group>"; };
		7AC30FED2428A4FB0091C135 /* PlantDetails.swift */ = {isa = PBXFileReference; lastKnownFileType = sourcecode.swift; path = PlantDetails.swift; sourceTree = "<group>"; };
		7AC30FF42428AA8F0091C135 /* Models.framework */ = {isa = PBXFileReference; explicitFileType = wrapper.framework; includeInIndex = 0; path = Models.framework; sourceTree = BUILT_PRODUCTS_DIR; };
		7AC30FF62428AA8F0091C135 /* Models.h */ = {isa = PBXFileReference; lastKnownFileType = sourcecode.c.h; path = Models.h; sourceTree = "<group>"; };
		7AC30FF72428AA8F0091C135 /* Info.plist */ = {isa = PBXFileReference; lastKnownFileType = text.plist.xml; path = Info.plist; sourceTree = "<group>"; };
		7AC30FFC2428AA8F0091C135 /* ModelsTests.xctest */ = {isa = PBXFileReference; explicitFileType = wrapper.cfbundle; includeInIndex = 0; path = ModelsTests.xctest; sourceTree = BUILT_PRODUCTS_DIR; };
		7AC310032428AA8F0091C135 /* ModelsTests.swift */ = {isa = PBXFileReference; lastKnownFileType = sourcecode.swift; path = ModelsTests.swift; sourceTree = "<group>"; };
		7AC310052428AA8F0091C135 /* Info.plist */ = {isa = PBXFileReference; lastKnownFileType = text.plist.xml; path = Info.plist; sourceTree = "<group>"; };
/* End PBXFileReference section */

/* Begin PBXFrameworksBuildPhase section */
		7A2173EA2427846900A0AAD5 /* Frameworks */ = {
			isa = PBXFrameworksBuildPhase;
			buildActionMask = 2147483647;
			files = (
				7A0ADAC5246FE60E0077CE1F /* Models.framework in Frameworks */,
				7A2E2C11246F078F000ADF7F /* PodlejCommon.framework in Frameworks */,
				7A0ADACA246FE68A0077CE1F /* PlantDetails.framework in Frameworks */,
			);
			runOnlyForDeploymentPostprocessing = 0;
		};
		7A2173F22427846900A0AAD5 /* Frameworks */ = {
			isa = PBXFrameworksBuildPhase;
			buildActionMask = 2147483647;
			files = (
				7A2173F62427846900A0AAD5 /* Plants.framework in Frameworks */,
			);
			runOnlyForDeploymentPostprocessing = 0;
		};
		7A2E2C00246F070D000ADF7F /* Frameworks */ = {
			isa = PBXFrameworksBuildPhase;
			buildActionMask = 2147483647;
			files = (
				7A2E2C10246F076B000ADF7F /* ComposableArchitecture in Frameworks */,
			);
			runOnlyForDeploymentPostprocessing = 0;
		};
		7A984FD023C0AB7700772684 /* Frameworks */ = {
			isa = PBXFrameworksBuildPhase;
			buildActionMask = 2147483647;
			files = (
				7A2E2C0B246F0742000ADF7F /* PodlejCommon.framework in Frameworks */,
				7A21743F2427BD3F00A0AAD5 /* CloudKit.framework in Frameworks */,
				7AC310092428AA8F0091C135 /* Models.framework in Frameworks */,
				7A2174022427846900A0AAD5 /* Plants.framework in Frameworks */,
				7AC30FE02428A4BC0091C135 /* PlantDetails.framework in Frameworks */,
			);
			runOnlyForDeploymentPostprocessing = 0;
		};
		7A984FE623C0AB7B00772684 /* Frameworks */ = {
			isa = PBXFrameworksBuildPhase;
			buildActionMask = 2147483647;
			files = (
			);
			runOnlyForDeploymentPostprocessing = 0;
		};
		7AC30FC82428A4BC0091C135 /* Frameworks */ = {
			isa = PBXFrameworksBuildPhase;
			buildActionMask = 2147483647;
			files = (
				7A0ADAC0246FDFD80077CE1F /* Models.framework in Frameworks */,
				7A2E2C12246F0794000ADF7F /* PodlejCommon.framework in Frameworks */,
			);
			runOnlyForDeploymentPostprocessing = 0;
		};
		7AC30FD02428A4BC0091C135 /* Frameworks */ = {
			isa = PBXFrameworksBuildPhase;
			buildActionMask = 2147483647;
			files = (
				7AC30FD42428A4BC0091C135 /* PlantDetails.framework in Frameworks */,
			);
			runOnlyForDeploymentPostprocessing = 0;
		};
		7AC30FF12428AA8F0091C135 /* Frameworks */ = {
			isa = PBXFrameworksBuildPhase;
			buildActionMask = 2147483647;
			files = (
			);
			runOnlyForDeploymentPostprocessing = 0;
		};
		7AC30FF92428AA8F0091C135 /* Frameworks */ = {
			isa = PBXFrameworksBuildPhase;
			buildActionMask = 2147483647;
			files = (
				7AC30FFD2428AA8F0091C135 /* Models.framework in Frameworks */,
			);
			runOnlyForDeploymentPostprocessing = 0;
		};
/* End PBXFrameworksBuildPhase section */

/* Begin PBXGroup section */
		7A2173EE2427846900A0AAD5 /* Plants */ = {
			isa = PBXGroup;
			children = (
				7A2173EF2427846900A0AAD5 /* Plants.h */,
				7A2173F02427846900A0AAD5 /* Info.plist */,
				7A21740B242784B700A0AAD5 /* Plants.swift */,
			);
			path = Plants;
			sourceTree = "<group>";
		};
		7A2173FB2427846900A0AAD5 /* PlantsTests */ = {
			isa = PBXGroup;
			children = (
				7A2173FC2427846900A0AAD5 /* PlantsTests.swift */,
				7A2173FE2427846900A0AAD5 /* Info.plist */,
			);
			path = PlantsTests;
			sourceTree = "<group>";
		};
		7A21743324278A0300A0AAD5 /* Frameworks */ = {
			isa = PBXGroup;
			children = (
				7A21743E2427BD3F00A0AAD5 /* CloudKit.framework */,
			);
			name = Frameworks;
			sourceTree = "<group>";
		};
		7A2E2BF1246F0634000ADF7F /* PodlejCommon */ = {
			isa = PBXGroup;
			children = (
				7A2E2BF2246F0634000ADF7F /* PodlejCommon.h */,
				7A2E2BF3246F0634000ADF7F /* Info.plist */,
				7A0FA9EF246FEA72008E7760 /* CloudKitWrapper.swift */,
			);
			path = PodlejCommon;
			sourceTree = "<group>";
		};
		7A2E2C04246F070D000ADF7F /* PodlejCommon */ = {
			isa = PBXGroup;
			children = (
				7A2E2C05246F070D000ADF7F /* PodlejCommon.h */,
				7A2E2C06246F070D000ADF7F /* Info.plist */,
			);
			path = PodlejCommon;
			sourceTree = "<group>";
		};
		7A984FCA23C0AB7700772684 = {
			isa = PBXGroup;
			children = (
				7A984FD523C0AB7800772684 /* Podlej */,
				7A984FEC23C0AB7B00772684 /* PodlejTests */,
				7A2173EE2427846900A0AAD5 /* Plants */,
				7A2173FB2427846900A0AAD5 /* PlantsTests */,
				7AC30FCC2428A4BC0091C135 /* PlantDetails */,
				7AC30FD92428A4BC0091C135 /* PlantDetailsTests */,
				7AC30FF52428AA8F0091C135 /* Models */,
				7AC310022428AA8F0091C135 /* ModelsTests */,
				7A2E2BF1246F0634000ADF7F /* PodlejCommon */,
				7A2E2C04246F070D000ADF7F /* PodlejCommon */,
				7A984FD423C0AB7700772684 /* Products */,
				7A21743324278A0300A0AAD5 /* Frameworks */,
			);
			sourceTree = "<group>";
		};
		7A984FD423C0AB7700772684 /* Products */ = {
			isa = PBXGroup;
			children = (
				7A984FD323C0AB7700772684 /* Podlej.app */,
				7A984FE923C0AB7B00772684 /* PodlejTests.xctest */,
				7A2173ED2427846900A0AAD5 /* Plants.framework */,
				7A2173F52427846900A0AAD5 /* PlantsTests.xctest */,
				7AC30FCB2428A4BC0091C135 /* PlantDetails.framework */,
				7AC30FD32428A4BC0091C135 /* PlantDetailsTests.xctest */,
				7AC30FF42428AA8F0091C135 /* Models.framework */,
				7AC30FFC2428AA8F0091C135 /* ModelsTests.xctest */,
				7A2E2C03246F070D000ADF7F /* PodlejCommon.framework */,
			);
			name = Products;
			sourceTree = "<group>";
		};
		7A984FD523C0AB7800772684 /* Podlej */ = {
			isa = PBXGroup;
			children = (
				7A21743D2427BD1000A0AAD5 /* Podlej.entitlements */,
				7A984FD623C0AB7800772684 /* AppDelegate.swift */,
				7A984FD823C0AB7800772684 /* SceneDelegate.swift */,
				7A984FDA23C0AB7800772684 /* ContentView.swift */,
				7A984FDC23C0AB7A00772684 /* Assets.xcassets */,
				7A984FE123C0AB7A00772684 /* LaunchScreen.storyboard */,
				7A984FE423C0AB7A00772684 /* Info.plist */,
				7A984FDE23C0AB7A00772684 /* Preview Content */,
			);
			path = Podlej;
			sourceTree = "<group>";
		};
		7A984FDE23C0AB7A00772684 /* Preview Content */ = {
			isa = PBXGroup;
			children = (
				7A984FDF23C0AB7A00772684 /* Preview Assets.xcassets */,
			);
			path = "Preview Content";
			sourceTree = "<group>";
		};
		7A984FEC23C0AB7B00772684 /* PodlejTests */ = {
			isa = PBXGroup;
			children = (
				7A984FED23C0AB7B00772684 /* PodlejTests.swift */,
				7A984FEF23C0AB7B00772684 /* Info.plist */,
			);
			path = PodlejTests;
			sourceTree = "<group>";
		};
		7AC30FCC2428A4BC0091C135 /* PlantDetails */ = {
			isa = PBXGroup;
			children = (
				7AC30FCD2428A4BC0091C135 /* PlantDetails.h */,
				7AC30FCE2428A4BC0091C135 /* Info.plist */,
				7AC30FED2428A4FB0091C135 /* PlantDetails.swift */,
			);
			path = PlantDetails;
			sourceTree = "<group>";
		};
		7AC30FD92428A4BC0091C135 /* PlantDetailsTests */ = {
			isa = PBXGroup;
			children = (
				7AC30FDA2428A4BC0091C135 /* PlantDetailsTests.swift */,
				7AC30FDC2428A4BC0091C135 /* Info.plist */,
			);
			path = PlantDetailsTests;
			sourceTree = "<group>";
		};
		7AC30FF52428AA8F0091C135 /* Models */ = {
			isa = PBXGroup;
			children = (
				7AC30FF62428AA8F0091C135 /* Models.h */,
				7AC30FF72428AA8F0091C135 /* Info.plist */,
				7A21743624278A8B00A0AAD5 /* Plant.swift */,
				7AA7390F2439E3270057DE04 /* Location.swift */,
			);
			path = Models;
			sourceTree = "<group>";
		};
		7AC310022428AA8F0091C135 /* ModelsTests */ = {
			isa = PBXGroup;
			children = (
				7AC310032428AA8F0091C135 /* ModelsTests.swift */,
				7AC310052428AA8F0091C135 /* Info.plist */,
			);
			path = ModelsTests;
			sourceTree = "<group>";
		};
/* End PBXGroup section */

/* Begin PBXHeadersBuildPhase section */
		7A2173E82427846900A0AAD5 /* Headers */ = {
			isa = PBXHeadersBuildPhase;
			buildActionMask = 2147483647;
			files = (
				7A2173FF2427846900A0AAD5 /* Plants.h in Headers */,
			);
			runOnlyForDeploymentPostprocessing = 0;
		};
		7A2E2BFE246F070D000ADF7F /* Headers */ = {
			isa = PBXHeadersBuildPhase;
			buildActionMask = 2147483647;
			files = (
				7A2E2C07246F070D000ADF7F /* PodlejCommon.h in Headers */,
			);
			runOnlyForDeploymentPostprocessing = 0;
		};
		7AC30FC62428A4BC0091C135 /* Headers */ = {
			isa = PBXHeadersBuildPhase;
			buildActionMask = 2147483647;
			files = (
				7AC30FDD2428A4BC0091C135 /* PlantDetails.h in Headers */,
			);
			runOnlyForDeploymentPostprocessing = 0;
		};
		7AC30FEF2428AA8F0091C135 /* Headers */ = {
			isa = PBXHeadersBuildPhase;
			buildActionMask = 2147483647;
			files = (
				7AC310062428AA8F0091C135 /* Models.h in Headers */,
			);
			runOnlyForDeploymentPostprocessing = 0;
		};
/* End PBXHeadersBuildPhase section */

/* Begin PBXNativeTarget section */
		7A2173EC2427846900A0AAD5 /* Plants */ = {
			isa = PBXNativeTarget;
			buildConfigurationList = 7A2174042427846900A0AAD5 /* Build configuration list for PBXNativeTarget "Plants" */;
			buildPhases = (
				7A2173E82427846900A0AAD5 /* Headers */,
				7A2173E92427846900A0AAD5 /* Sources */,
				7A2173EA2427846900A0AAD5 /* Frameworks */,
				7A2173EB2427846900A0AAD5 /* Resources */,
			);
			buildRules = (
			);
			dependencies = (
				7A0ADAC8246FE60E0077CE1F /* PBXTargetDependency */,
				7A0ADACD246FE68A0077CE1F /* PBXTargetDependency */,
			);
			name = Plants;
			productName = Plants;
			productReference = 7A2173ED2427846900A0AAD5 /* Plants.framework */;
			productType = "com.apple.product-type.framework";
		};
		7A2173F42427846900A0AAD5 /* PlantsTests */ = {
			isa = PBXNativeTarget;
			buildConfigurationList = 7A2174082427846900A0AAD5 /* Build configuration list for PBXNativeTarget "PlantsTests" */;
			buildPhases = (
				7A2173F12427846900A0AAD5 /* Sources */,
				7A2173F22427846900A0AAD5 /* Frameworks */,
				7A2173F32427846900A0AAD5 /* Resources */,
			);
			buildRules = (
			);
			dependencies = (
				7A2173F82427846900A0AAD5 /* PBXTargetDependency */,
				7A2173FA2427846900A0AAD5 /* PBXTargetDependency */,
			);
			name = PlantsTests;
			productName = PlantsTests;
			productReference = 7A2173F52427846900A0AAD5 /* PlantsTests.xctest */;
			productType = "com.apple.product-type.bundle.unit-test";
		};
		7A2E2C02246F070D000ADF7F /* PodlejCommon */ = {
			isa = PBXNativeTarget;
			buildConfigurationList = 7A2E2C08246F070D000ADF7F /* Build configuration list for PBXNativeTarget "PodlejCommon" */;
			buildPhases = (
				7A2E2BFE246F070D000ADF7F /* Headers */,
				7A2E2BFF246F070D000ADF7F /* Sources */,
				7A2E2C00246F070D000ADF7F /* Frameworks */,
				7A2E2C01246F070D000ADF7F /* Resources */,
			);
			buildRules = (
			);
			dependencies = (
			);
			name = PodlejCommon;
			packageProductDependencies = (
				7A2E2C0F246F076B000ADF7F /* ComposableArchitecture */,
			);
			productName = PodlejCommon;
			productReference = 7A2E2C03246F070D000ADF7F /* PodlejCommon.framework */;
			productType = "com.apple.product-type.framework";
		};
		7A984FD223C0AB7700772684 /* Podlej */ = {
			isa = PBXNativeTarget;
			buildConfigurationList = 7A984FF223C0AB7B00772684 /* Build configuration list for PBXNativeTarget "Podlej" */;
			buildPhases = (
				7A984FCF23C0AB7700772684 /* Sources */,
				7A984FD023C0AB7700772684 /* Frameworks */,
				7A984FD123C0AB7700772684 /* Resources */,
				7A2174072427846900A0AAD5 /* Embed Frameworks */,
			);
			buildRules = (
			);
			dependencies = (
				7A2174012427846900A0AAD5 /* PBXTargetDependency */,
				7AC30FDF2428A4BC0091C135 /* PBXTargetDependency */,
				7AC310082428AA8F0091C135 /* PBXTargetDependency */,
				7A2E2C0E246F0742000ADF7F /* PBXTargetDependency */,
			);
			name = Podlej;
			packageProductDependencies = (
			);
			productName = Podlej;
			productReference = 7A984FD323C0AB7700772684 /* Podlej.app */;
			productType = "com.apple.product-type.application";
		};
		7A984FE823C0AB7B00772684 /* PodlejTests */ = {
			isa = PBXNativeTarget;
			buildConfigurationList = 7A984FF523C0AB7B00772684 /* Build configuration list for PBXNativeTarget "PodlejTests" */;
			buildPhases = (
				7A984FE523C0AB7B00772684 /* Sources */,
				7A984FE623C0AB7B00772684 /* Frameworks */,
				7A984FE723C0AB7B00772684 /* Resources */,
			);
			buildRules = (
			);
			dependencies = (
				7A984FEB23C0AB7B00772684 /* PBXTargetDependency */,
			);
			name = PodlejTests;
			productName = PodlejTests;
			productReference = 7A984FE923C0AB7B00772684 /* PodlejTests.xctest */;
			productType = "com.apple.product-type.bundle.unit-test";
		};
		7AC30FCA2428A4BC0091C135 /* PlantDetails */ = {
			isa = PBXNativeTarget;
			buildConfigurationList = 7AC30FE62428A4BC0091C135 /* Build configuration list for PBXNativeTarget "PlantDetails" */;
			buildPhases = (
				7AC30FC62428A4BC0091C135 /* Headers */,
				7AC30FC72428A4BC0091C135 /* Sources */,
				7AC30FC82428A4BC0091C135 /* Frameworks */,
				7AC30FC92428A4BC0091C135 /* Resources */,
			);
			buildRules = (
			);
			dependencies = (
				7A0ADAC3246FDFD80077CE1F /* PBXTargetDependency */,
			);
			name = PlantDetails;
			productName = PlantDetails;
			productReference = 7AC30FCB2428A4BC0091C135 /* PlantDetails.framework */;
			productType = "com.apple.product-type.framework";
		};
		7AC30FD22428A4BC0091C135 /* PlantDetailsTests */ = {
			isa = PBXNativeTarget;
			buildConfigurationList = 7AC30FE72428A4BC0091C135 /* Build configuration list for PBXNativeTarget "PlantDetailsTests" */;
			buildPhases = (
				7AC30FCF2428A4BC0091C135 /* Sources */,
				7AC30FD02428A4BC0091C135 /* Frameworks */,
				7AC30FD12428A4BC0091C135 /* Resources */,
			);
			buildRules = (
			);
			dependencies = (
				7AC30FD62428A4BC0091C135 /* PBXTargetDependency */,
				7AC30FD82428A4BC0091C135 /* PBXTargetDependency */,
			);
			name = PlantDetailsTests;
			productName = PlantDetailsTests;
			productReference = 7AC30FD32428A4BC0091C135 /* PlantDetailsTests.xctest */;
			productType = "com.apple.product-type.bundle.unit-test";
		};
		7AC30FF32428AA8F0091C135 /* Models */ = {
			isa = PBXNativeTarget;
			buildConfigurationList = 7AC3100B2428AA8F0091C135 /* Build configuration list for PBXNativeTarget "Models" */;
			buildPhases = (
				7AC30FEF2428AA8F0091C135 /* Headers */,
				7AC30FF02428AA8F0091C135 /* Sources */,
				7AC30FF12428AA8F0091C135 /* Frameworks */,
				7AC30FF22428AA8F0091C135 /* Resources */,
			);
			buildRules = (
			);
			dependencies = (
			);
			name = Models;
			productName = Models;
			productReference = 7AC30FF42428AA8F0091C135 /* Models.framework */;
			productType = "com.apple.product-type.framework";
		};
		7AC30FFB2428AA8F0091C135 /* ModelsTests */ = {
			isa = PBXNativeTarget;
			buildConfigurationList = 7AC3100E2428AA8F0091C135 /* Build configuration list for PBXNativeTarget "ModelsTests" */;
			buildPhases = (
				7AC30FF82428AA8F0091C135 /* Sources */,
				7AC30FF92428AA8F0091C135 /* Frameworks */,
				7AC30FFA2428AA8F0091C135 /* Resources */,
			);
			buildRules = (
			);
			dependencies = (
				7AC30FFF2428AA8F0091C135 /* PBXTargetDependency */,
				7AC310012428AA8F0091C135 /* PBXTargetDependency */,
			);
			name = ModelsTests;
			productName = ModelsTests;
			productReference = 7AC30FFC2428AA8F0091C135 /* ModelsTests.xctest */;
			productType = "com.apple.product-type.bundle.unit-test";
		};
/* End PBXNativeTarget section */

/* Begin PBXProject section */
		7A984FCB23C0AB7700772684 /* Project object */ = {
			isa = PBXProject;
			attributes = {
				LastSwiftUpdateCheck = 1130;
				LastUpgradeCheck = 1130;
				ORGANIZATIONNAME = AleksanderMaj;
				TargetAttributes = {
					7A2173EC2427846900A0AAD5 = {
						CreatedOnToolsVersion = 11.3.1;
						LastSwiftMigration = 1130;
					};
					7A2173F42427846900A0AAD5 = {
						CreatedOnToolsVersion = 11.3.1;
						TestTargetID = 7A984FD223C0AB7700772684;
					};
					7A2E2C02246F070D000ADF7F = {
						CreatedOnToolsVersion = 11.4.1;
						LastSwiftMigration = 1140;
					};
					7A984FD223C0AB7700772684 = {
						CreatedOnToolsVersion = 11.3;
					};
					7A984FE823C0AB7B00772684 = {
						CreatedOnToolsVersion = 11.3;
						TestTargetID = 7A984FD223C0AB7700772684;
					};
					7AC30FCA2428A4BC0091C135 = {
						CreatedOnToolsVersion = 11.3.1;
						LastSwiftMigration = 1130;
					};
					7AC30FD22428A4BC0091C135 = {
						CreatedOnToolsVersion = 11.3.1;
						TestTargetID = 7A984FD223C0AB7700772684;
					};
					7AC30FF32428AA8F0091C135 = {
						CreatedOnToolsVersion = 11.3.1;
					};
					7AC30FFB2428AA8F0091C135 = {
						CreatedOnToolsVersion = 11.3.1;
						TestTargetID = 7A984FD223C0AB7700772684;
					};
				};
			};
			buildConfigurationList = 7A984FCE23C0AB7700772684 /* Build configuration list for PBXProject "Podlej" */;
			compatibilityVersion = "Xcode 9.3";
			developmentRegion = en;
			hasScannedForEncodings = 0;
			knownRegions = (
				en,
				Base,
			);
			mainGroup = 7A984FCA23C0AB7700772684;
			packageReferences = (
				7A2E2BEA246EF4EA000ADF7F /* XCRemoteSwiftPackageReference "swift-composable-architecture" */,
			);
			productRefGroup = 7A984FD423C0AB7700772684 /* Products */;
			projectDirPath = "";
			projectRoot = "";
			targets = (
				7A984FD223C0AB7700772684 /* Podlej */,
				7A984FE823C0AB7B00772684 /* PodlejTests */,
				7A2173EC2427846900A0AAD5 /* Plants */,
				7A2173F42427846900A0AAD5 /* PlantsTests */,
				7AC30FCA2428A4BC0091C135 /* PlantDetails */,
				7AC30FD22428A4BC0091C135 /* PlantDetailsTests */,
				7AC30FF32428AA8F0091C135 /* Models */,
				7AC30FFB2428AA8F0091C135 /* ModelsTests */,
				7A2E2C02246F070D000ADF7F /* PodlejCommon */,
			);
		};
/* End PBXProject section */

/* Begin PBXResourcesBuildPhase section */
		7A2173EB2427846900A0AAD5 /* Resources */ = {
			isa = PBXResourcesBuildPhase;
			buildActionMask = 2147483647;
			files = (
			);
			runOnlyForDeploymentPostprocessing = 0;
		};
		7A2173F32427846900A0AAD5 /* Resources */ = {
			isa = PBXResourcesBuildPhase;
			buildActionMask = 2147483647;
			files = (
			);
			runOnlyForDeploymentPostprocessing = 0;
		};
		7A2E2C01246F070D000ADF7F /* Resources */ = {
			isa = PBXResourcesBuildPhase;
			buildActionMask = 2147483647;
			files = (
			);
			runOnlyForDeploymentPostprocessing = 0;
		};
		7A984FD123C0AB7700772684 /* Resources */ = {
			isa = PBXResourcesBuildPhase;
			buildActionMask = 2147483647;
			files = (
				7A984FE323C0AB7A00772684 /* LaunchScreen.storyboard in Resources */,
				7A984FE023C0AB7A00772684 /* Preview Assets.xcassets in Resources */,
				7A984FDD23C0AB7A00772684 /* Assets.xcassets in Resources */,
			);
			runOnlyForDeploymentPostprocessing = 0;
		};
		7A984FE723C0AB7B00772684 /* Resources */ = {
			isa = PBXResourcesBuildPhase;
			buildActionMask = 2147483647;
			files = (
			);
			runOnlyForDeploymentPostprocessing = 0;
		};
		7AC30FC92428A4BC0091C135 /* Resources */ = {
			isa = PBXResourcesBuildPhase;
			buildActionMask = 2147483647;
			files = (
			);
			runOnlyForDeploymentPostprocessing = 0;
		};
		7AC30FD12428A4BC0091C135 /* Resources */ = {
			isa = PBXResourcesBuildPhase;
			buildActionMask = 2147483647;
			files = (
			);
			runOnlyForDeploymentPostprocessing = 0;
		};
		7AC30FF22428AA8F0091C135 /* Resources */ = {
			isa = PBXResourcesBuildPhase;
			buildActionMask = 2147483647;
			files = (
			);
			runOnlyForDeploymentPostprocessing = 0;
		};
		7AC30FFA2428AA8F0091C135 /* Resources */ = {
			isa = PBXResourcesBuildPhase;
			buildActionMask = 2147483647;
			files = (
			);
			runOnlyForDeploymentPostprocessing = 0;
		};
/* End PBXResourcesBuildPhase section */

/* Begin PBXSourcesBuildPhase section */
		7A2173E92427846900A0AAD5 /* Sources */ = {
			isa = PBXSourcesBuildPhase;
			buildActionMask = 2147483647;
			files = (
				7A21740C242784B700A0AAD5 /* Plants.swift in Sources */,
			);
			runOnlyForDeploymentPostprocessing = 0;
		};
		7A2173F12427846900A0AAD5 /* Sources */ = {
			isa = PBXSourcesBuildPhase;
			buildActionMask = 2147483647;
			files = (
				7A2173FD2427846900A0AAD5 /* PlantsTests.swift in Sources */,
			);
			runOnlyForDeploymentPostprocessing = 0;
		};
		7A2E2BFF246F070D000ADF7F /* Sources */ = {
			isa = PBXSourcesBuildPhase;
			buildActionMask = 2147483647;
			files = (
				7A0FA9F0246FEA72008E7760 /* CloudKitWrapper.swift in Sources */,
			);
			runOnlyForDeploymentPostprocessing = 0;
		};
		7A984FCF23C0AB7700772684 /* Sources */ = {
			isa = PBXSourcesBuildPhase;
			buildActionMask = 2147483647;
			files = (
				7A984FD723C0AB7800772684 /* AppDelegate.swift in Sources */,
				7A984FD923C0AB7800772684 /* SceneDelegate.swift in Sources */,
				7A984FDB23C0AB7800772684 /* ContentView.swift in Sources */,
			);
			runOnlyForDeploymentPostprocessing = 0;
		};
		7A984FE523C0AB7B00772684 /* Sources */ = {
			isa = PBXSourcesBuildPhase;
			buildActionMask = 2147483647;
			files = (
				7A984FEE23C0AB7B00772684 /* PodlejTests.swift in Sources */,
			);
			runOnlyForDeploymentPostprocessing = 0;
		};
		7AC30FC72428A4BC0091C135 /* Sources */ = {
			isa = PBXSourcesBuildPhase;
			buildActionMask = 2147483647;
			files = (
				7AC30FEE2428A4FB0091C135 /* PlantDetails.swift in Sources */,
			);
			runOnlyForDeploymentPostprocessing = 0;
		};
		7AC30FCF2428A4BC0091C135 /* Sources */ = {
			isa = PBXSourcesBuildPhase;
			buildActionMask = 2147483647;
			files = (
				7AC30FDB2428A4BC0091C135 /* PlantDetailsTests.swift in Sources */,
			);
			runOnlyForDeploymentPostprocessing = 0;
		};
		7AC30FF02428AA8F0091C135 /* Sources */ = {
			isa = PBXSourcesBuildPhase;
			buildActionMask = 2147483647;
			files = (
				7AA739102439E3270057DE04 /* Location.swift in Sources */,
				7AC310112428AA980091C135 /* Plant.swift in Sources */,
			);
			runOnlyForDeploymentPostprocessing = 0;
		};
		7AC30FF82428AA8F0091C135 /* Sources */ = {
			isa = PBXSourcesBuildPhase;
			buildActionMask = 2147483647;
			files = (
				7AC310042428AA8F0091C135 /* ModelsTests.swift in Sources */,
			);
			runOnlyForDeploymentPostprocessing = 0;
		};
/* End PBXSourcesBuildPhase section */

/* Begin PBXTargetDependency section */
		7A0ADAC3246FDFD80077CE1F /* PBXTargetDependency */ = {
			isa = PBXTargetDependency;
			target = 7AC30FF32428AA8F0091C135 /* Models */;
			targetProxy = 7A0ADAC2246FDFD80077CE1F /* PBXContainerItemProxy */;
		};
		7A0ADAC8246FE60E0077CE1F /* PBXTargetDependency */ = {
			isa = PBXTargetDependency;
			target = 7AC30FF32428AA8F0091C135 /* Models */;
			targetProxy = 7A0ADAC7246FE60E0077CE1F /* PBXContainerItemProxy */;
		};
		7A0ADACD246FE68A0077CE1F /* PBXTargetDependency */ = {
			isa = PBXTargetDependency;
			target = 7AC30FCA2428A4BC0091C135 /* PlantDetails */;
			targetProxy = 7A0ADACC246FE68A0077CE1F /* PBXContainerItemProxy */;
		};
		7A2173F82427846900A0AAD5 /* PBXTargetDependency */ = {
			isa = PBXTargetDependency;
			target = 7A2173EC2427846900A0AAD5 /* Plants */;
			targetProxy = 7A2173F72427846900A0AAD5 /* PBXContainerItemProxy */;
		};
		7A2173FA2427846900A0AAD5 /* PBXTargetDependency */ = {
			isa = PBXTargetDependency;
			target = 7A984FD223C0AB7700772684 /* Podlej */;
			targetProxy = 7A2173F92427846900A0AAD5 /* PBXContainerItemProxy */;
		};
		7A2174012427846900A0AAD5 /* PBXTargetDependency */ = {
			isa = PBXTargetDependency;
			target = 7A2173EC2427846900A0AAD5 /* Plants */;
			targetProxy = 7A2174002427846900A0AAD5 /* PBXContainerItemProxy */;
		};
		7A2E2C0E246F0742000ADF7F /* PBXTargetDependency */ = {
			isa = PBXTargetDependency;
			target = 7A2E2C02246F070D000ADF7F /* PodlejCommon */;
			targetProxy = 7A2E2C0D246F0742000ADF7F /* PBXContainerItemProxy */;
		};
		7A984FEB23C0AB7B00772684 /* PBXTargetDependency */ = {
			isa = PBXTargetDependency;
			target = 7A984FD223C0AB7700772684 /* Podlej */;
			targetProxy = 7A984FEA23C0AB7B00772684 /* PBXContainerItemProxy */;
		};
		7AC30FD62428A4BC0091C135 /* PBXTargetDependency */ = {
			isa = PBXTargetDependency;
			target = 7AC30FCA2428A4BC0091C135 /* PlantDetails */;
			targetProxy = 7AC30FD52428A4BC0091C135 /* PBXContainerItemProxy */;
		};
		7AC30FD82428A4BC0091C135 /* PBXTargetDependency */ = {
			isa = PBXTargetDependency;
			target = 7A984FD223C0AB7700772684 /* Podlej */;
			targetProxy = 7AC30FD72428A4BC0091C135 /* PBXContainerItemProxy */;
		};
		7AC30FDF2428A4BC0091C135 /* PBXTargetDependency */ = {
			isa = PBXTargetDependency;
			target = 7AC30FCA2428A4BC0091C135 /* PlantDetails */;
			targetProxy = 7AC30FDE2428A4BC0091C135 /* PBXContainerItemProxy */;
		};
		7AC30FFF2428AA8F0091C135 /* PBXTargetDependency */ = {
			isa = PBXTargetDependency;
			target = 7AC30FF32428AA8F0091C135 /* Models */;
			targetProxy = 7AC30FFE2428AA8F0091C135 /* PBXContainerItemProxy */;
		};
		7AC310012428AA8F0091C135 /* PBXTargetDependency */ = {
			isa = PBXTargetDependency;
			target = 7A984FD223C0AB7700772684 /* Podlej */;
			targetProxy = 7AC310002428AA8F0091C135 /* PBXContainerItemProxy */;
		};
		7AC310082428AA8F0091C135 /* PBXTargetDependency */ = {
			isa = PBXTargetDependency;
			target = 7AC30FF32428AA8F0091C135 /* Models */;
			targetProxy = 7AC310072428AA8F0091C135 /* PBXContainerItemProxy */;
		};
/* End PBXTargetDependency section */

/* Begin PBXVariantGroup section */
		7A984FE123C0AB7A00772684 /* LaunchScreen.storyboard */ = {
			isa = PBXVariantGroup;
			children = (
				7A984FE223C0AB7A00772684 /* Base */,
			);
			name = LaunchScreen.storyboard;
			sourceTree = "<group>";
		};
/* End PBXVariantGroup section */

/* Begin XCBuildConfiguration section */
		7A2174052427846900A0AAD5 /* Debug */ = {
			isa = XCBuildConfiguration;
			buildSettings = {
				CLANG_ENABLE_MODULES = YES;
				CODE_SIGN_STYLE = Automatic;
				CURRENT_PROJECT_VERSION = 1;
				DEFINES_MODULE = YES;
				DEVELOPMENT_TEAM = 956U4TDY4Z;
				DYLIB_COMPATIBILITY_VERSION = 1;
				DYLIB_CURRENT_VERSION = 1;
				DYLIB_INSTALL_NAME_BASE = "@rpath";
				INFOPLIST_FILE = Plants/Info.plist;
				INSTALL_PATH = "$(LOCAL_LIBRARY_DIR)/Frameworks";
				LD_RUNPATH_SEARCH_PATHS = (
					"$(inherited)",
					"@executable_path/Frameworks",
					"@loader_path/Frameworks",
				);
				PRODUCT_BUNDLE_IDENTIFIER = com.donkeyrepublic.bike.ios.Plants;
				PRODUCT_NAME = "$(TARGET_NAME:c99extidentifier)";
				SKIP_INSTALL = YES;
				SWIFT_OPTIMIZATION_LEVEL = "-Onone";
				SWIFT_VERSION = 5.0;
				TARGETED_DEVICE_FAMILY = "1,2";
				VERSIONING_SYSTEM = "apple-generic";
				VERSION_INFO_PREFIX = "";
			};
			name = Debug;
		};
		7A2174062427846900A0AAD5 /* Release */ = {
			isa = XCBuildConfiguration;
			buildSettings = {
				CLANG_ENABLE_MODULES = YES;
				CODE_SIGN_STYLE = Automatic;
				CURRENT_PROJECT_VERSION = 1;
				DEFINES_MODULE = YES;
				DEVELOPMENT_TEAM = 956U4TDY4Z;
				DYLIB_COMPATIBILITY_VERSION = 1;
				DYLIB_CURRENT_VERSION = 1;
				DYLIB_INSTALL_NAME_BASE = "@rpath";
				INFOPLIST_FILE = Plants/Info.plist;
				INSTALL_PATH = "$(LOCAL_LIBRARY_DIR)/Frameworks";
				LD_RUNPATH_SEARCH_PATHS = (
					"$(inherited)",
					"@executable_path/Frameworks",
					"@loader_path/Frameworks",
				);
				PRODUCT_BUNDLE_IDENTIFIER = com.donkeyrepublic.bike.ios.Plants;
				PRODUCT_NAME = "$(TARGET_NAME:c99extidentifier)";
				SKIP_INSTALL = YES;
				SWIFT_VERSION = 5.0;
				TARGETED_DEVICE_FAMILY = "1,2";
				VERSIONING_SYSTEM = "apple-generic";
				VERSION_INFO_PREFIX = "";
			};
			name = Release;
		};
		7A2174092427846900A0AAD5 /* Debug */ = {
			isa = XCBuildConfiguration;
			buildSettings = {
				ALWAYS_EMBED_SWIFT_STANDARD_LIBRARIES = YES;
				CODE_SIGN_STYLE = Automatic;
				DEVELOPMENT_TEAM = 554248M85F;
				INFOPLIST_FILE = PlantsTests/Info.plist;
				LD_RUNPATH_SEARCH_PATHS = (
					"$(inherited)",
					"@executable_path/Frameworks",
					"@loader_path/Frameworks",
				);
				PRODUCT_BUNDLE_IDENTIFIER = com.donkeyrepublic.bike.ios.PlantsTests;
				PRODUCT_NAME = "$(TARGET_NAME)";
				SWIFT_VERSION = 5.0;
				TARGETED_DEVICE_FAMILY = "1,2";
				TEST_HOST = "$(BUILT_PRODUCTS_DIR)/Podlej.app/Podlej";
			};
			name = Debug;
		};
		7A21740A2427846900A0AAD5 /* Release */ = {
			isa = XCBuildConfiguration;
			buildSettings = {
				ALWAYS_EMBED_SWIFT_STANDARD_LIBRARIES = YES;
				CODE_SIGN_STYLE = Automatic;
				DEVELOPMENT_TEAM = 554248M85F;
				INFOPLIST_FILE = PlantsTests/Info.plist;
				LD_RUNPATH_SEARCH_PATHS = (
					"$(inherited)",
					"@executable_path/Frameworks",
					"@loader_path/Frameworks",
				);
				PRODUCT_BUNDLE_IDENTIFIER = com.donkeyrepublic.bike.ios.PlantsTests;
				PRODUCT_NAME = "$(TARGET_NAME)";
				SWIFT_VERSION = 5.0;
				TARGETED_DEVICE_FAMILY = "1,2";
				TEST_HOST = "$(BUILT_PRODUCTS_DIR)/Podlej.app/Podlej";
			};
			name = Release;
		};
		7A2E2C09246F070D000ADF7F /* Debug */ = {
			isa = XCBuildConfiguration;
			buildSettings = {
				CLANG_ENABLE_MODULES = YES;
				CODE_SIGN_STYLE = Automatic;
				CURRENT_PROJECT_VERSION = 1;
				DEFINES_MODULE = YES;
				DEVELOPMENT_TEAM = 554248M85F;
				DYLIB_COMPATIBILITY_VERSION = 1;
				DYLIB_CURRENT_VERSION = 1;
				DYLIB_INSTALL_NAME_BASE = "@rpath";
				INFOPLIST_FILE = PodlejCommon/Info.plist;
				INSTALL_PATH = "$(LOCAL_LIBRARY_DIR)/Frameworks";
				IPHONEOS_DEPLOYMENT_TARGET = 13.2;
				LD_RUNPATH_SEARCH_PATHS = (
					"$(inherited)",
					"@executable_path/Frameworks",
					"@loader_path/Frameworks",
				);
				PRODUCT_BUNDLE_IDENTIFIER = com.donkeyrepublic.bike.ios.PodlejCommon;
				PRODUCT_NAME = "$(TARGET_NAME:c99extidentifier)";
				SKIP_INSTALL = YES;
				SWIFT_OPTIMIZATION_LEVEL = "-Onone";
				SWIFT_VERSION = 5.0;
				TARGETED_DEVICE_FAMILY = "1,2";
				VERSIONING_SYSTEM = "apple-generic";
				VERSION_INFO_PREFIX = "";
			};
			name = Debug;
		};
		7A2E2C0A246F070D000ADF7F /* Release */ = {
			isa = XCBuildConfiguration;
			buildSettings = {
				CLANG_ENABLE_MODULES = YES;
				CODE_SIGN_STYLE = Automatic;
				CURRENT_PROJECT_VERSION = 1;
				DEFINES_MODULE = YES;
				DEVELOPMENT_TEAM = 554248M85F;
				DYLIB_COMPATIBILITY_VERSION = 1;
				DYLIB_CURRENT_VERSION = 1;
				DYLIB_INSTALL_NAME_BASE = "@rpath";
				INFOPLIST_FILE = PodlejCommon/Info.plist;
				INSTALL_PATH = "$(LOCAL_LIBRARY_DIR)/Frameworks";
				IPHONEOS_DEPLOYMENT_TARGET = 13.2;
				LD_RUNPATH_SEARCH_PATHS = (
					"$(inherited)",
					"@executable_path/Frameworks",
					"@loader_path/Frameworks",
				);
				PRODUCT_BUNDLE_IDENTIFIER = com.donkeyrepublic.bike.ios.PodlejCommon;
				PRODUCT_NAME = "$(TARGET_NAME:c99extidentifier)";
				SKIP_INSTALL = YES;
				SWIFT_VERSION = 5.0;
				TARGETED_DEVICE_FAMILY = "1,2";
				VERSIONING_SYSTEM = "apple-generic";
				VERSION_INFO_PREFIX = "";
			};
			name = Release;
		};
		7A984FF023C0AB7B00772684 /* Debug */ = {
			isa = XCBuildConfiguration;
			buildSettings = {
				ALWAYS_SEARCH_USER_PATHS = NO;
				CLANG_ANALYZER_NONNULL = YES;
				CLANG_ANALYZER_NUMBER_OBJECT_CONVERSION = YES_AGGRESSIVE;
				CLANG_CXX_LANGUAGE_STANDARD = "gnu++14";
				CLANG_CXX_LIBRARY = "libc++";
				CLANG_ENABLE_MODULES = YES;
				CLANG_ENABLE_OBJC_ARC = YES;
				CLANG_ENABLE_OBJC_WEAK = YES;
				CLANG_WARN_BLOCK_CAPTURE_AUTORELEASING = YES;
				CLANG_WARN_BOOL_CONVERSION = YES;
				CLANG_WARN_COMMA = YES;
				CLANG_WARN_CONSTANT_CONVERSION = YES;
				CLANG_WARN_DEPRECATED_OBJC_IMPLEMENTATIONS = YES;
				CLANG_WARN_DIRECT_OBJC_ISA_USAGE = YES_ERROR;
				CLANG_WARN_DOCUMENTATION_COMMENTS = YES;
				CLANG_WARN_EMPTY_BODY = YES;
				CLANG_WARN_ENUM_CONVERSION = YES;
				CLANG_WARN_INFINITE_RECURSION = YES;
				CLANG_WARN_INT_CONVERSION = YES;
				CLANG_WARN_NON_LITERAL_NULL_CONVERSION = YES;
				CLANG_WARN_OBJC_IMPLICIT_RETAIN_SELF = YES;
				CLANG_WARN_OBJC_LITERAL_CONVERSION = YES;
				CLANG_WARN_OBJC_ROOT_CLASS = YES_ERROR;
				CLANG_WARN_RANGE_LOOP_ANALYSIS = YES;
				CLANG_WARN_STRICT_PROTOTYPES = YES;
				CLANG_WARN_SUSPICIOUS_MOVE = YES;
				CLANG_WARN_UNGUARDED_AVAILABILITY = YES_AGGRESSIVE;
				CLANG_WARN_UNREACHABLE_CODE = YES;
				CLANG_WARN__DUPLICATE_METHOD_MATCH = YES;
				COPY_PHASE_STRIP = NO;
				DEBUG_INFORMATION_FORMAT = dwarf;
				ENABLE_STRICT_OBJC_MSGSEND = YES;
				ENABLE_TESTABILITY = YES;
				GCC_C_LANGUAGE_STANDARD = gnu11;
				GCC_DYNAMIC_NO_PIC = NO;
				GCC_NO_COMMON_BLOCKS = YES;
				GCC_OPTIMIZATION_LEVEL = 0;
				GCC_PREPROCESSOR_DEFINITIONS = (
					"DEBUG=1",
					"$(inherited)",
				);
				GCC_WARN_64_TO_32_BIT_CONVERSION = YES;
				GCC_WARN_ABOUT_RETURN_TYPE = YES_ERROR;
				GCC_WARN_UNDECLARED_SELECTOR = YES;
				GCC_WARN_UNINITIALIZED_AUTOS = YES_AGGRESSIVE;
				GCC_WARN_UNUSED_FUNCTION = YES;
				GCC_WARN_UNUSED_VARIABLE = YES;
				IPHONEOS_DEPLOYMENT_TARGET = 13.2;
				MTL_ENABLE_DEBUG_INFO = INCLUDE_SOURCE;
				MTL_FAST_MATH = YES;
				ONLY_ACTIVE_ARCH = YES;
				SDKROOT = iphoneos;
				SWIFT_ACTIVE_COMPILATION_CONDITIONS = DEBUG;
				SWIFT_OPTIMIZATION_LEVEL = "-Onone";
			};
			name = Debug;
		};
		7A984FF123C0AB7B00772684 /* Release */ = {
			isa = XCBuildConfiguration;
			buildSettings = {
				ALWAYS_SEARCH_USER_PATHS = NO;
				CLANG_ANALYZER_NONNULL = YES;
				CLANG_ANALYZER_NUMBER_OBJECT_CONVERSION = YES_AGGRESSIVE;
				CLANG_CXX_LANGUAGE_STANDARD = "gnu++14";
				CLANG_CXX_LIBRARY = "libc++";
				CLANG_ENABLE_MODULES = YES;
				CLANG_ENABLE_OBJC_ARC = YES;
				CLANG_ENABLE_OBJC_WEAK = YES;
				CLANG_WARN_BLOCK_CAPTURE_AUTORELEASING = YES;
				CLANG_WARN_BOOL_CONVERSION = YES;
				CLANG_WARN_COMMA = YES;
				CLANG_WARN_CONSTANT_CONVERSION = YES;
				CLANG_WARN_DEPRECATED_OBJC_IMPLEMENTATIONS = YES;
				CLANG_WARN_DIRECT_OBJC_ISA_USAGE = YES_ERROR;
				CLANG_WARN_DOCUMENTATION_COMMENTS = YES;
				CLANG_WARN_EMPTY_BODY = YES;
				CLANG_WARN_ENUM_CONVERSION = YES;
				CLANG_WARN_INFINITE_RECURSION = YES;
				CLANG_WARN_INT_CONVERSION = YES;
				CLANG_WARN_NON_LITERAL_NULL_CONVERSION = YES;
				CLANG_WARN_OBJC_IMPLICIT_RETAIN_SELF = YES;
				CLANG_WARN_OBJC_LITERAL_CONVERSION = YES;
				CLANG_WARN_OBJC_ROOT_CLASS = YES_ERROR;
				CLANG_WARN_RANGE_LOOP_ANALYSIS = YES;
				CLANG_WARN_STRICT_PROTOTYPES = YES;
				CLANG_WARN_SUSPICIOUS_MOVE = YES;
				CLANG_WARN_UNGUARDED_AVAILABILITY = YES_AGGRESSIVE;
				CLANG_WARN_UNREACHABLE_CODE = YES;
				CLANG_WARN__DUPLICATE_METHOD_MATCH = YES;
				COPY_PHASE_STRIP = NO;
				DEBUG_INFORMATION_FORMAT = "dwarf-with-dsym";
				ENABLE_NS_ASSERTIONS = NO;
				ENABLE_STRICT_OBJC_MSGSEND = YES;
				GCC_C_LANGUAGE_STANDARD = gnu11;
				GCC_NO_COMMON_BLOCKS = YES;
				GCC_WARN_64_TO_32_BIT_CONVERSION = YES;
				GCC_WARN_ABOUT_RETURN_TYPE = YES_ERROR;
				GCC_WARN_UNDECLARED_SELECTOR = YES;
				GCC_WARN_UNINITIALIZED_AUTOS = YES_AGGRESSIVE;
				GCC_WARN_UNUSED_FUNCTION = YES;
				GCC_WARN_UNUSED_VARIABLE = YES;
				IPHONEOS_DEPLOYMENT_TARGET = 13.2;
				MTL_ENABLE_DEBUG_INFO = NO;
				MTL_FAST_MATH = YES;
				SDKROOT = iphoneos;
				SWIFT_COMPILATION_MODE = wholemodule;
				SWIFT_OPTIMIZATION_LEVEL = "-O";
				VALIDATE_PRODUCT = YES;
			};
			name = Release;
		};
		7A984FF323C0AB7B00772684 /* Debug */ = {
			isa = XCBuildConfiguration;
			buildSettings = {
				ALWAYS_EMBED_SWIFT_STANDARD_LIBRARIES = YES;
				ASSETCATALOG_COMPILER_APPICON_NAME = AppIcon;
				CODE_SIGN_ENTITLEMENTS = Podlej/Podlej.entitlements;
				CODE_SIGN_STYLE = Automatic;
				DEVELOPMENT_ASSET_PATHS = "\"Podlej/Preview Content\"";
				DEVELOPMENT_TEAM = 554248M85F;
				ENABLE_PREVIEWS = YES;
				INFOPLIST_FILE = Podlej/Info.plist;
				LD_RUNPATH_SEARCH_PATHS = (
					"$(inherited)",
					"@executable_path/Frameworks",
				);
				PRODUCT_BUNDLE_IDENTIFIER = com.aleksandermaj.podlej;
				PRODUCT_NAME = "$(TARGET_NAME)";
				SWIFT_VERSION = 5.0;
				TARGETED_DEVICE_FAMILY = "1,2";
			};
			name = Debug;
		};
		7A984FF423C0AB7B00772684 /* Release */ = {
			isa = XCBuildConfiguration;
			buildSettings = {
				ALWAYS_EMBED_SWIFT_STANDARD_LIBRARIES = YES;
				ASSETCATALOG_COMPILER_APPICON_NAME = AppIcon;
				CODE_SIGN_ENTITLEMENTS = Podlej/Podlej.entitlements;
				CODE_SIGN_STYLE = Automatic;
				DEVELOPMENT_ASSET_PATHS = "\"Podlej/Preview Content\"";
				DEVELOPMENT_TEAM = 554248M85F;
				ENABLE_PREVIEWS = YES;
				INFOPLIST_FILE = Podlej/Info.plist;
				LD_RUNPATH_SEARCH_PATHS = (
					"$(inherited)",
					"@executable_path/Frameworks",
				);
				PRODUCT_BUNDLE_IDENTIFIER = com.aleksandermaj.podlej;
				PRODUCT_NAME = "$(TARGET_NAME)";
				SWIFT_VERSION = 5.0;
				TARGETED_DEVICE_FAMILY = "1,2";
			};
			name = Release;
		};
		7A984FF623C0AB7B00772684 /* Debug */ = {
			isa = XCBuildConfiguration;
			buildSettings = {
				ALWAYS_EMBED_SWIFT_STANDARD_LIBRARIES = YES;
				BUNDLE_LOADER = "$(TEST_HOST)";
				CODE_SIGN_STYLE = Automatic;
				DEVELOPMENT_TEAM = 956U4TDY4Z;
				INFOPLIST_FILE = PodlejTests/Info.plist;
				IPHONEOS_DEPLOYMENT_TARGET = 13.2;
				LD_RUNPATH_SEARCH_PATHS = (
					"$(inherited)",
					"@executable_path/Frameworks",
					"@loader_path/Frameworks",
				);
				PRODUCT_BUNDLE_IDENTIFIER = pl.podlej.PodlejTests;
				PRODUCT_NAME = "$(TARGET_NAME)";
				SWIFT_VERSION = 5.0;
				TARGETED_DEVICE_FAMILY = "1,2";
				TEST_HOST = "$(BUILT_PRODUCTS_DIR)/Podlej.app/Podlej";
			};
			name = Debug;
		};
		7A984FF723C0AB7B00772684 /* Release */ = {
			isa = XCBuildConfiguration;
			buildSettings = {
				ALWAYS_EMBED_SWIFT_STANDARD_LIBRARIES = YES;
				BUNDLE_LOADER = "$(TEST_HOST)";
				CODE_SIGN_STYLE = Automatic;
				DEVELOPMENT_TEAM = 956U4TDY4Z;
				INFOPLIST_FILE = PodlejTests/Info.plist;
				IPHONEOS_DEPLOYMENT_TARGET = 13.2;
				LD_RUNPATH_SEARCH_PATHS = (
					"$(inherited)",
					"@executable_path/Frameworks",
					"@loader_path/Frameworks",
				);
				PRODUCT_BUNDLE_IDENTIFIER = pl.podlej.PodlejTests;
				PRODUCT_NAME = "$(TARGET_NAME)";
				SWIFT_VERSION = 5.0;
				TARGETED_DEVICE_FAMILY = "1,2";
				TEST_HOST = "$(BUILT_PRODUCTS_DIR)/Podlej.app/Podlej";
			};
			name = Release;
		};
		7AC30FE22428A4BC0091C135 /* Debug */ = {
			isa = XCBuildConfiguration;
			buildSettings = {
				CLANG_ENABLE_MODULES = YES;
				CODE_SIGN_STYLE = Automatic;
				CURRENT_PROJECT_VERSION = 1;
				DEFINES_MODULE = YES;
				DEVELOPMENT_TEAM = 554248M85F;
				DYLIB_COMPATIBILITY_VERSION = 1;
				DYLIB_CURRENT_VERSION = 1;
				DYLIB_INSTALL_NAME_BASE = "@rpath";
				INFOPLIST_FILE = PlantDetails/Info.plist;
				INSTALL_PATH = "$(LOCAL_LIBRARY_DIR)/Frameworks";
				LD_RUNPATH_SEARCH_PATHS = (
					"$(inherited)",
					"@executable_path/Frameworks",
					"@loader_path/Frameworks",
				);
				PRODUCT_BUNDLE_IDENTIFIER = com.donkeyrepublic.bike.ios.PlantDetails;
				PRODUCT_NAME = "$(TARGET_NAME:c99extidentifier)";
				SKIP_INSTALL = YES;
				SWIFT_OPTIMIZATION_LEVEL = "-Onone";
				SWIFT_VERSION = 5.0;
				TARGETED_DEVICE_FAMILY = "1,2";
				VERSIONING_SYSTEM = "apple-generic";
				VERSION_INFO_PREFIX = "";
			};
			name = Debug;
		};
		7AC30FE32428A4BC0091C135 /* Release */ = {
			isa = XCBuildConfiguration;
			buildSettings = {
				CLANG_ENABLE_MODULES = YES;
				CODE_SIGN_STYLE = Automatic;
				CURRENT_PROJECT_VERSION = 1;
				DEFINES_MODULE = YES;
				DEVELOPMENT_TEAM = 554248M85F;
				DYLIB_COMPATIBILITY_VERSION = 1;
				DYLIB_CURRENT_VERSION = 1;
				DYLIB_INSTALL_NAME_BASE = "@rpath";
				INFOPLIST_FILE = PlantDetails/Info.plist;
				INSTALL_PATH = "$(LOCAL_LIBRARY_DIR)/Frameworks";
				LD_RUNPATH_SEARCH_PATHS = (
					"$(inherited)",
					"@executable_path/Frameworks",
					"@loader_path/Frameworks",
				);
				PRODUCT_BUNDLE_IDENTIFIER = com.donkeyrepublic.bike.ios.PlantDetails;
				PRODUCT_NAME = "$(TARGET_NAME:c99extidentifier)";
				SKIP_INSTALL = YES;
				SWIFT_VERSION = 5.0;
				TARGETED_DEVICE_FAMILY = "1,2";
				VERSIONING_SYSTEM = "apple-generic";
				VERSION_INFO_PREFIX = "";
			};
			name = Release;
		};
		7AC30FE42428A4BC0091C135 /* Debug */ = {
			isa = XCBuildConfiguration;
			buildSettings = {
				ALWAYS_EMBED_SWIFT_STANDARD_LIBRARIES = YES;
				CODE_SIGN_STYLE = Automatic;
				DEVELOPMENT_TEAM = 554248M85F;
				INFOPLIST_FILE = PlantDetailsTests/Info.plist;
				LD_RUNPATH_SEARCH_PATHS = (
					"$(inherited)",
					"@executable_path/Frameworks",
					"@loader_path/Frameworks",
				);
				PRODUCT_BUNDLE_IDENTIFIER = com.donkeyrepublic.bike.ios.PlantDetailsTests;
				PRODUCT_NAME = "$(TARGET_NAME)";
				SWIFT_VERSION = 5.0;
				TARGETED_DEVICE_FAMILY = "1,2";
				TEST_HOST = "$(BUILT_PRODUCTS_DIR)/Podlej.app/Podlej";
			};
			name = Debug;
		};
		7AC30FE52428A4BC0091C135 /* Release */ = {
			isa = XCBuildConfiguration;
			buildSettings = {
				ALWAYS_EMBED_SWIFT_STANDARD_LIBRARIES = YES;
				CODE_SIGN_STYLE = Automatic;
				DEVELOPMENT_TEAM = 554248M85F;
				INFOPLIST_FILE = PlantDetailsTests/Info.plist;
				LD_RUNPATH_SEARCH_PATHS = (
					"$(inherited)",
					"@executable_path/Frameworks",
					"@loader_path/Frameworks",
				);
				PRODUCT_BUNDLE_IDENTIFIER = com.donkeyrepublic.bike.ios.PlantDetailsTests;
				PRODUCT_NAME = "$(TARGET_NAME)";
				SWIFT_VERSION = 5.0;
				TARGETED_DEVICE_FAMILY = "1,2";
				TEST_HOST = "$(BUILT_PRODUCTS_DIR)/Podlej.app/Podlej";
			};
			name = Release;
		};
		7AC3100C2428AA8F0091C135 /* Debug */ = {
			isa = XCBuildConfiguration;
			buildSettings = {
				CODE_SIGN_STYLE = Automatic;
				CURRENT_PROJECT_VERSION = 1;
				DEFINES_MODULE = YES;
				DEVELOPMENT_TEAM = 554248M85F;
				DYLIB_COMPATIBILITY_VERSION = 1;
				DYLIB_CURRENT_VERSION = 1;
				DYLIB_INSTALL_NAME_BASE = "@rpath";
				INFOPLIST_FILE = Models/Info.plist;
				INSTALL_PATH = "$(LOCAL_LIBRARY_DIR)/Frameworks";
				LD_RUNPATH_SEARCH_PATHS = (
					"$(inherited)",
					"@executable_path/Frameworks",
					"@loader_path/Frameworks",
				);
				PRODUCT_BUNDLE_IDENTIFIER = com.donkeyrepublic.bike.ios.Models;
				PRODUCT_NAME = "$(TARGET_NAME:c99extidentifier)";
				SKIP_INSTALL = YES;
				SWIFT_VERSION = 5.0;
				TARGETED_DEVICE_FAMILY = "1,2";
				VERSIONING_SYSTEM = "apple-generic";
				VERSION_INFO_PREFIX = "";
			};
			name = Debug;
		};
		7AC3100D2428AA8F0091C135 /* Release */ = {
			isa = XCBuildConfiguration;
			buildSettings = {
				CODE_SIGN_STYLE = Automatic;
				CURRENT_PROJECT_VERSION = 1;
				DEFINES_MODULE = YES;
				DEVELOPMENT_TEAM = 554248M85F;
				DYLIB_COMPATIBILITY_VERSION = 1;
				DYLIB_CURRENT_VERSION = 1;
				DYLIB_INSTALL_NAME_BASE = "@rpath";
				INFOPLIST_FILE = Models/Info.plist;
				INSTALL_PATH = "$(LOCAL_LIBRARY_DIR)/Frameworks";
				LD_RUNPATH_SEARCH_PATHS = (
					"$(inherited)",
					"@executable_path/Frameworks",
					"@loader_path/Frameworks",
				);
				PRODUCT_BUNDLE_IDENTIFIER = com.donkeyrepublic.bike.ios.Models;
				PRODUCT_NAME = "$(TARGET_NAME:c99extidentifier)";
				SKIP_INSTALL = YES;
				SWIFT_VERSION = 5.0;
				TARGETED_DEVICE_FAMILY = "1,2";
				VERSIONING_SYSTEM = "apple-generic";
				VERSION_INFO_PREFIX = "";
			};
			name = Release;
		};
		7AC3100F2428AA8F0091C135 /* Debug */ = {
			isa = XCBuildConfiguration;
			buildSettings = {
				ALWAYS_EMBED_SWIFT_STANDARD_LIBRARIES = YES;
				CODE_SIGN_STYLE = Automatic;
				DEVELOPMENT_TEAM = 554248M85F;
				INFOPLIST_FILE = ModelsTests/Info.plist;
				LD_RUNPATH_SEARCH_PATHS = (
					"$(inherited)",
					"@executable_path/Frameworks",
					"@loader_path/Frameworks",
				);
				PRODUCT_BUNDLE_IDENTIFIER = com.donkeyrepublic.bike.ios.ModelsTests;
				PRODUCT_NAME = "$(TARGET_NAME)";
				SWIFT_VERSION = 5.0;
				TARGETED_DEVICE_FAMILY = "1,2";
				TEST_HOST = "$(BUILT_PRODUCTS_DIR)/Podlej.app/Podlej";
			};
			name = Debug;
		};
		7AC310102428AA8F0091C135 /* Release */ = {
			isa = XCBuildConfiguration;
			buildSettings = {
				ALWAYS_EMBED_SWIFT_STANDARD_LIBRARIES = YES;
				CODE_SIGN_STYLE = Automatic;
				DEVELOPMENT_TEAM = 554248M85F;
				INFOPLIST_FILE = ModelsTests/Info.plist;
				LD_RUNPATH_SEARCH_PATHS = (
					"$(inherited)",
					"@executable_path/Frameworks",
					"@loader_path/Frameworks",
				);
				PRODUCT_BUNDLE_IDENTIFIER = com.donkeyrepublic.bike.ios.ModelsTests;
				PRODUCT_NAME = "$(TARGET_NAME)";
				SWIFT_VERSION = 5.0;
				TARGETED_DEVICE_FAMILY = "1,2";
				TEST_HOST = "$(BUILT_PRODUCTS_DIR)/Podlej.app/Podlej";
			};
			name = Release;
		};
/* End XCBuildConfiguration section */

/* Begin XCConfigurationList section */
		7A2174042427846900A0AAD5 /* Build configuration list for PBXNativeTarget "Plants" */ = {
			isa = XCConfigurationList;
			buildConfigurations = (
				7A2174052427846900A0AAD5 /* Debug */,
				7A2174062427846900A0AAD5 /* Release */,
			);
			defaultConfigurationIsVisible = 0;
			defaultConfigurationName = Release;
		};
		7A2174082427846900A0AAD5 /* Build configuration list for PBXNativeTarget "PlantsTests" */ = {
			isa = XCConfigurationList;
			buildConfigurations = (
				7A2174092427846900A0AAD5 /* Debug */,
				7A21740A2427846900A0AAD5 /* Release */,
			);
			defaultConfigurationIsVisible = 0;
			defaultConfigurationName = Release;
		};
		7A2E2C08246F070D000ADF7F /* Build configuration list for PBXNativeTarget "PodlejCommon" */ = {
			isa = XCConfigurationList;
			buildConfigurations = (
				7A2E2C09246F070D000ADF7F /* Debug */,
				7A2E2C0A246F070D000ADF7F /* Release */,
			);
			defaultConfigurationIsVisible = 0;
			defaultConfigurationName = Release;
		};
		7A984FCE23C0AB7700772684 /* Build configuration list for PBXProject "Podlej" */ = {
			isa = XCConfigurationList;
			buildConfigurations = (
				7A984FF023C0AB7B00772684 /* Debug */,
				7A984FF123C0AB7B00772684 /* Release */,
			);
			defaultConfigurationIsVisible = 0;
			defaultConfigurationName = Release;
		};
		7A984FF223C0AB7B00772684 /* Build configuration list for PBXNativeTarget "Podlej" */ = {
			isa = XCConfigurationList;
			buildConfigurations = (
				7A984FF323C0AB7B00772684 /* Debug */,
				7A984FF423C0AB7B00772684 /* Release */,
			);
			defaultConfigurationIsVisible = 0;
			defaultConfigurationName = Release;
		};
		7A984FF523C0AB7B00772684 /* Build configuration list for PBXNativeTarget "PodlejTests" */ = {
			isa = XCConfigurationList;
			buildConfigurations = (
				7A984FF623C0AB7B00772684 /* Debug */,
				7A984FF723C0AB7B00772684 /* Release */,
			);
			defaultConfigurationIsVisible = 0;
			defaultConfigurationName = Release;
		};
		7AC30FE62428A4BC0091C135 /* Build configuration list for PBXNativeTarget "PlantDetails" */ = {
			isa = XCConfigurationList;
			buildConfigurations = (
				7AC30FE22428A4BC0091C135 /* Debug */,
				7AC30FE32428A4BC0091C135 /* Release */,
			);
			defaultConfigurationIsVisible = 0;
			defaultConfigurationName = Release;
		};
		7AC30FE72428A4BC0091C135 /* Build configuration list for PBXNativeTarget "PlantDetailsTests" */ = {
			isa = XCConfigurationList;
			buildConfigurations = (
				7AC30FE42428A4BC0091C135 /* Debug */,
				7AC30FE52428A4BC0091C135 /* Release */,
			);
			defaultConfigurationIsVisible = 0;
			defaultConfigurationName = Release;
		};
		7AC3100B2428AA8F0091C135 /* Build configuration list for PBXNativeTarget "Models" */ = {
			isa = XCConfigurationList;
			buildConfigurations = (
				7AC3100C2428AA8F0091C135 /* Debug */,
				7AC3100D2428AA8F0091C135 /* Release */,
			);
			defaultConfigurationIsVisible = 0;
			defaultConfigurationName = Release;
		};
		7AC3100E2428AA8F0091C135 /* Build configuration list for PBXNativeTarget "ModelsTests" */ = {
			isa = XCConfigurationList;
			buildConfigurations = (
				7AC3100F2428AA8F0091C135 /* Debug */,
				7AC310102428AA8F0091C135 /* Release */,
			);
			defaultConfigurationIsVisible = 0;
			defaultConfigurationName = Release;
		};
/* End XCConfigurationList section */

/* Begin XCRemoteSwiftPackageReference section */
		7A2E2BEA246EF4EA000ADF7F /* XCRemoteSwiftPackageReference "swift-composable-architecture" */ = {
			isa = XCRemoteSwiftPackageReference;
			repositoryURL = "https://github.com/pointfreeco/swift-composable-architecture";
			requirement = {
				kind = upToNextMajorVersion;
				minimumVersion = 0.1.4;
			};
		};
/* End XCRemoteSwiftPackageReference section */

/* Begin XCSwiftPackageProductDependency section */
		7A2E2C0F246F076B000ADF7F /* ComposableArchitecture */ = {
			isa = XCSwiftPackageProductDependency;
			package = 7A2E2BEA246EF4EA000ADF7F /* XCRemoteSwiftPackageReference "swift-composable-architecture" */;
			productName = ComposableArchitecture;
		};
/* End XCSwiftPackageProductDependency section */
	};
	rootObject = 7A984FCB23C0AB7700772684 /* Project object */;
}
